
Microsoft Visual Studio Solution File, Format Version 12.00
# Visual Studio Version 17
VisualStudioVersion = 17.11.35327.3
MinimumVisualStudioVersion = 10.0.40219.1
Project("{8BC9CEB8-8B4A-11D0-8D11-00A0C91BC942}") = "Cpp Keyborad strokes", "Cpp Keyborad strokes\Cpp Keyborad strokes.vcxproj", "{F22313BC-0862-4D14-AFAE-5C08C08F92D2}"
EndProject
Global
	GlobalSection(SolutionConfigurationPlatforms) = preSolution
		Debug|x64 = Debug|x64
		Debug|x86 = Debug|x86
		Release|x64 = Release|x64
		Release|x86 = Release|x86
	EndGlobalSection
	GlobalSection(ProjectConfigurationPlatforms) = postSolution
		{F22313BC-0862-4D14-AFAE-5C08C08F92D2}.Debug|x64.ActiveCfg = Debug|x64
		{F22313BC-0862-4D14-AFAE-5C08C08F92D2}.Debug|x64.Build.0 = Debug|x64
		{F22313BC-0862-4D14-AFAE-5C08C08F92D2}.Debug|x86.ActiveCfg = Debug|Win32
		{F22313BC-0862-4D14-AFAE-5C08C08F92D2}.Debug|x86.Build.0 = Debug|Win32
		{F22313BC-0862-4D14-AFAE-5C08C08F92D2}.Release|x64.ActiveCfg = Release|x64
		{F22313BC-0862-4D14-AFAE-5C08C08F92D2}.Release|x64.Build.0 = Release|x64
		{F22313BC-0862-4D14-AFAE-5C08C08F92D2}.Release|x86.ActiveCfg = Release|Win32
		{F22313BC-0862-4D14-AFAE-5C08C08F92D2}.Release|x86.Build.0 = Release|Win32
	EndGlobalSection
	GlobalSection(SolutionProperties) = preSolution
		HideSolutionNode = FALSE
	EndGlobalSection
	GlobalSection(ExtensibilityGlobals) = postSolution
		SolutionGuid = {2A9A0D18-9D40-4990-BEDC-A3D33E1D578C}
	EndGlobalSection
EndGlobal
